
Microsoft Visual Studio Solution File, Format Version 12.00
# Visual Studio Version 17
VisualStudioVersion = 17.1.32414.318
MinimumVisualStudioVersion = 10.0.40219.1
Project("{FAE04EC0-301F-11D3-BF4B-00C04F79EFBC}") = "Hw8cs", "Hw8cs\Hw8cs.csproj", "{C02AA680-38E4-4F8F-A8D9-F867A09F3C2D}"
EndProject
Project("{FAE04EC0-301F-11D3-BF4B-00C04F79EFBC}") = "TextNumericUpDown", "WindowsFormsApp1\TextNumericUpDown.csproj", "{FBA46AB3-ABEA-4322-A10D-C6CADB2F7B89}"
EndProject
Project("{FAE04EC0-301F-11D3-BF4B-00C04F79EFBC}") = "TrueFalseEditor", "TrueFalseEditor\TrueFalseEditor.csproj", "{3DD18836-D5EC-41BA-A1C6-D25B4A99D582}"
EndProject
Global
	GlobalSection(SolutionConfigurationPlatforms) = preSolution
		Debug|Any CPU = Debug|Any CPU
		Release|Any CPU = Release|Any CPU
	EndGlobalSection
	GlobalSection(ProjectConfigurationPlatforms) = postSolution
		{C02AA680-38E4-4F8F-A8D9-F867A09F3C2D}.Debug|Any CPU.ActiveCfg = Debug|Any CPU
		{C02AA680-38E4-4F8F-A8D9-F867A09F3C2D}.Debug|Any CPU.Build.0 = Debug|Any CPU
		{C02AA680-38E4-4F8F-A8D9-F867A09F3C2D}.Release|Any CPU.ActiveCfg = Release|Any CPU
		{C02AA680-38E4-4F8F-A8D9-F867A09F3C2D}.Release|Any CPU.Build.0 = Release|Any CPU
		{FBA46AB3-ABEA-4322-A10D-C6CADB2F7B89}.Debug|Any CPU.ActiveCfg = Debug|Any CPU
		{FBA46AB3-ABEA-4322-A10D-C6CADB2F7B89}.Debug|Any CPU.Build.0 = Debug|Any CPU
		{FBA46AB3-ABEA-4322-A10D-C6CADB2F7B89}.Release|Any CPU.ActiveCfg = Release|Any CPU
		{FBA46AB3-ABEA-4322-A10D-C6CADB2F7B89}.Release|Any CPU.Build.0 = Release|Any CPU
		{3DD18836-D5EC-41BA-A1C6-D25B4A99D582}.Debug|Any CPU.ActiveCfg = Debug|Any CPU
		{3DD18836-D5EC-41BA-A1C6-D25B4A99D582}.Debug|Any CPU.Build.0 = Debug|Any CPU
		{3DD18836-D5EC-41BA-A1C6-D25B4A99D582}.Release|Any CPU.ActiveCfg = Release|Any CPU
		{3DD18836-D5EC-41BA-A1C6-D25B4A99D582}.Release|Any CPU.Build.0 = Release|Any CPU
	EndGlobalSection
	GlobalSection(SolutionProperties) = preSolution
		HideSolutionNode = FALSE
	EndGlobalSection
	GlobalSection(ExtensibilityGlobals) = postSolution
		SolutionGuid = {2DDD8B79-200F-423A-BB87-0B25576BC4C5}
	EndGlobalSection
EndGlobal
